// !$*UTF8*$!
{
	archiveVersion = 1;
	classes = {
	};
	objectVersion = 50;
	objects = {

/* Begin PBXBuildFile section */
		2B3C133222832AC9003230FB /* AppDelegate.swift in Sources */ = {isa = PBXBuildFile; fileRef = 2B3C133122832AC9003230FB /* AppDelegate.swift */; };
		2B3C133722832AC9003230FB /* Main.storyboard in Resources */ = {isa = PBXBuildFile; fileRef = 2B3C133522832AC9003230FB /* Main.storyboard */; };
		2B3C133922832AC9003230FB /* Assets.xcassets in Resources */ = {isa = PBXBuildFile; fileRef = 2B3C133822832AC9003230FB /* Assets.xcassets */; };
		2B3C133C22832AC9003230FB /* LaunchScreen.storyboard in Resources */ = {isa = PBXBuildFile; fileRef = 2B3C133A22832AC9003230FB /* LaunchScreen.storyboard */; };
		2B3C134722832AC9003230FB /* verycomplicateduiTests.swift in Sources */ = {isa = PBXBuildFile; fileRef = 2B3C134622832AC9003230FB /* verycomplicateduiTests.swift */; };
		2B3C135222832AC9003230FB /* verycomplicateduiUITests.swift in Sources */ = {isa = PBXBuildFile; fileRef = 2B3C135122832AC9003230FB /* verycomplicateduiUITests.swift */; };
		2B3C136422832FFF003230FB /* TodoViewController.swift in Sources */ = {isa = PBXBuildFile; fileRef = 2B3C136322832FFF003230FB /* TodoViewController.swift */; };
		2B3C136622833849003230FB /* TodoTableCell.swift in Sources */ = {isa = PBXBuildFile; fileRef = 2B3C136522833849003230FB /* TodoTableCell.swift */; };
		2B3ECA772286443E0008F027 /* OverlayView.swift in Sources */ = {isa = PBXBuildFile; fileRef = 2B3ECA762286443E0008F027 /* OverlayView.swift */; };
		2B61F3DE22834D900062AA90 /* Fetch.swift in Sources */ = {isa = PBXBuildFile; fileRef = 2B61F3DD22834D900062AA90 /* Fetch.swift */; };
		2B61F3E12283805D0062AA90 /* OverlayViewController.swift in Sources */ = {isa = PBXBuildFile; fileRef = 2B61F3E02283805D0062AA90 /* OverlayViewController.swift */; };
		2B61F3E3228380DC0062AA90 /* BusyViewController.swift in Sources */ = {isa = PBXBuildFile; fileRef = 2B61F3E2228380DC0062AA90 /* BusyViewController.swift */; };
		2B61F3E5228382EB0062AA90 /* PassthroughViews.swift in Sources */ = {isa = PBXBuildFile; fileRef = 2B61F3E4228382EB0062AA90 /* PassthroughViews.swift */; };
		2BDB9F3622846A9A00ED60D6 /* OverlayViewController.swift in Sources */ = {isa = PBXBuildFile; fileRef = 2BDB9F3522846A9A00ED60D6 /* OverlayViewController.swift */; };
/* End PBXBuildFile section */

/* Begin PBXContainerItemProxy section */
		2B3C134322832AC9003230FB /* PBXContainerItemProxy */ = {
			isa = PBXContainerItemProxy;
			containerPortal = 2B3C132622832AC9003230FB /* Project object */;
			proxyType = 1;
			remoteGlobalIDString = 2B3C132D22832AC9003230FB;
			remoteInfo = verycomplicatedui;
		};
		2B3C134E22832AC9003230FB /* PBXContainerItemProxy */ = {
			isa = PBXContainerItemProxy;
			containerPortal = 2B3C132622832AC9003230FB /* Project object */;
			proxyType = 1;
			remoteGlobalIDString = 2B3C132D22832AC9003230FB;
			remoteInfo = verycomplicatedui;
		};
/* End PBXContainerItemProxy section */

/* Begin PBXFileReference section */
		2B3C132E22832AC9003230FB /* verycomplicatedui.app */ = {isa = PBXFileReference; explicitFileType = wrapper.application; includeInIndex = 0; path = verycomplicatedui.app; sourceTree = BUILT_PRODUCTS_DIR; };
		2B3C133122832AC9003230FB /* AppDelegate.swift */ = {isa = PBXFileReference; lastKnownFileType = sourcecode.swift; path = AppDelegate.swift; sourceTree = "<group>"; };
		2B3C133622832AC9003230FB /* Base */ = {isa = PBXFileReference; lastKnownFileType = file.storyboard; name = Base; path = Base.lproj/Main.storyboard; sourceTree = "<group>"; };
		2B3C133822832AC9003230FB /* Assets.xcassets */ = {isa = PBXFileReference; lastKnownFileType = folder.assetcatalog; path = Assets.xcassets; sourceTree = "<group>"; };
		2B3C133B22832AC9003230FB /* Base */ = {isa = PBXFileReference; lastKnownFileType = file.storyboard; name = Base; path = Base.lproj/LaunchScreen.storyboard; sourceTree = "<group>"; };
		2B3C133D22832AC9003230FB /* Info.plist */ = {isa = PBXFileReference; lastKnownFileType = text.plist.xml; path = Info.plist; sourceTree = "<group>"; };
		2B3C134222832AC9003230FB /* verycomplicateduiTests.xctest */ = {isa = PBXFileReference; explicitFileType = wrapper.cfbundle; includeInIndex = 0; path = verycomplicateduiTests.xctest; sourceTree = BUILT_PRODUCTS_DIR; };
		2B3C134622832AC9003230FB /* verycomplicateduiTests.swift */ = {isa = PBXFileReference; lastKnownFileType = sourcecode.swift; path = verycomplicateduiTests.swift; sourceTree = "<group>"; };
		2B3C134822832AC9003230FB /* Info.plist */ = {isa = PBXFileReference; lastKnownFileType = text.plist.xml; path = Info.plist; sourceTree = "<group>"; };
		2B3C134D22832AC9003230FB /* verycomplicateduiUITests.xctest */ = {isa = PBXFileReference; explicitFileType = wrapper.cfbundle; includeInIndex = 0; path = verycomplicateduiUITests.xctest; sourceTree = BUILT_PRODUCTS_DIR; };
		2B3C135122832AC9003230FB /* verycomplicateduiUITests.swift */ = {isa = PBXFileReference; lastKnownFileType = sourcecode.swift; path = verycomplicateduiUITests.swift; sourceTree = "<group>"; };
		2B3C135322832AC9003230FB /* Info.plist */ = {isa = PBXFileReference; lastKnownFileType = text.plist.xml; path = Info.plist; sourceTree = "<group>"; };
		2B3C136322832FFF003230FB /* TodoViewController.swift */ = {isa = PBXFileReference; lastKnownFileType = sourcecode.swift; path = TodoViewController.swift; sourceTree = "<group>"; };
		2B3C136522833849003230FB /* TodoTableCell.swift */ = {isa = PBXFileReference; lastKnownFileType = sourcecode.swift; path = TodoTableCell.swift; sourceTree = "<group>"; };
		2B3ECA762286443E0008F027 /* OverlayView.swift */ = {isa = PBXFileReference; lastKnownFileType = sourcecode.swift; path = OverlayView.swift; sourceTree = "<group>"; };
		2B61F3DD22834D900062AA90 /* Fetch.swift */ = {isa = PBXFileReference; lastKnownFileType = sourcecode.swift; path = Fetch.swift; sourceTree = "<group>"; };
		2B61F3E02283805D0062AA90 /* OverlayViewController.swift */ = {isa = PBXFileReference; lastKnownFileType = sourcecode.swift; path = OverlayViewController.swift; sourceTree = "<group>"; };
		2B61F3E2228380DC0062AA90 /* BusyViewController.swift */ = {isa = PBXFileReference; lastKnownFileType = sourcecode.swift; path = BusyViewController.swift; sourceTree = "<group>"; };
		2B61F3E4228382EB0062AA90 /* PassthroughViews.swift */ = {isa = PBXFileReference; lastKnownFileType = sourcecode.swift; path = PassthroughViews.swift; sourceTree = "<group>"; };
		2BDB9F3522846A9A00ED60D6 /* OverlayViewController.swift */ = {isa = PBXFileReference; lastKnownFileType = sourcecode.swift; path = OverlayViewController.swift; sourceTree = "<group>"; };
/* End PBXFileReference section */

/* Begin PBXFrameworksBuildPhase section */
		2B3C132B22832AC9003230FB /* Frameworks */ = {
			isa = PBXFrameworksBuildPhase;
			buildActionMask = 2147483647;
			files = (
			);
			runOnlyForDeploymentPostprocessing = 0;
		};
		2B3C133F22832AC9003230FB /* Frameworks */ = {
			isa = PBXFrameworksBuildPhase;
			buildActionMask = 2147483647;
			files = (
			);
			runOnlyForDeploymentPostprocessing = 0;
		};
		2B3C134A22832AC9003230FB /* Frameworks */ = {
			isa = PBXFrameworksBuildPhase;
			buildActionMask = 2147483647;
			files = (
			);
			runOnlyForDeploymentPostprocessing = 0;
		};
/* End PBXFrameworksBuildPhase section */

/* Begin PBXGroup section */
		2B3C132522832AC9003230FB = {
			isa = PBXGroup;
			children = (
				2B3C133022832AC9003230FB /* verycomplicatedui */,
				2B3C134522832AC9003230FB /* verycomplicateduiTests */,
				2B3C135022832AC9003230FB /* verycomplicateduiUITests */,
				2B3C132F22832AC9003230FB /* Products */,
			);
			sourceTree = "<group>";
		};
		2B3C132F22832AC9003230FB /* Products */ = {
			isa = PBXGroup;
			children = (
				2B3C132E22832AC9003230FB /* verycomplicatedui.app */,
				2B3C134222832AC9003230FB /* verycomplicateduiTests.xctest */,
				2B3C134D22832AC9003230FB /* verycomplicateduiUITests.xctest */,
			);
			name = Products;
			sourceTree = "<group>";
		};
		2B3C133022832AC9003230FB /* verycomplicatedui */ = {
			isa = PBXGroup;
			children = (
				2BDB9F342284687200ED60D6 /* busy */,
				2BDB9F332284685600ED60D6 /* overlay */,
				2B61F3DF228380450062AA90 /* #fail */,
				2B3C133122832AC9003230FB /* AppDelegate.swift */,
				2B3C133522832AC9003230FB /* Main.storyboard */,
				2B3C133822832AC9003230FB /* Assets.xcassets */,
				2B3C133A22832AC9003230FB /* LaunchScreen.storyboard */,
				2B3C133D22832AC9003230FB /* Info.plist */,
				2B3C136322832FFF003230FB /* TodoViewController.swift */,
				2B61F3DD22834D900062AA90 /* Fetch.swift */,
				2B3C136522833849003230FB /* TodoTableCell.swift */,
			);
			path = verycomplicatedui;
			sourceTree = "<group>";
		};
		2B3C134522832AC9003230FB /* verycomplicateduiTests */ = {
			isa = PBXGroup;
			children = (
				2B3C134622832AC9003230FB /* verycomplicateduiTests.swift */,
				2B3C134822832AC9003230FB /* Info.plist */,
			);
			path = verycomplicateduiTests;
			sourceTree = "<group>";
		};
		2B3C135022832AC9003230FB /* verycomplicateduiUITests */ = {
			isa = PBXGroup;
			children = (
				2B3C135122832AC9003230FB /* verycomplicateduiUITests.swift */,
				2B3C135322832AC9003230FB /* Info.plist */,
			);
			path = verycomplicateduiUITests;
			sourceTree = "<group>";
		};
		2B61F3DF228380450062AA90 /* #fail */ = {
			isa = PBXGroup;
			children = (
				2B61F3E02283805D0062AA90 /* OverlayViewController.swift */,
			);
			path = "#fail";
			sourceTree = "<group>";
		};
		2BDB9F332284685600ED60D6 /* overlay */ = {
			isa = PBXGroup;
			children = (
				2B61F3E4228382EB0062AA90 /* PassthroughViews.swift */,
				2BDB9F3522846A9A00ED60D6 /* OverlayViewController.swift */,
				2B3ECA762286443E0008F027 /* OverlayView.swift */,
			);
			path = overlay;
			sourceTree = "<group>";
		};
		2BDB9F342284687200ED60D6 /* busy */ = {
			isa = PBXGroup;
			children = (
				2B61F3E2228380DC0062AA90 /* BusyViewController.swift */,
			);
			path = busy;
			sourceTree = "<group>";
		};
/* End PBXGroup section */

/* Begin PBXNativeTarget section */
		2B3C132D22832AC9003230FB /* verycomplicatedui */ = {
			isa = PBXNativeTarget;
			buildConfigurationList = 2B3C135622832AC9003230FB /* Build configuration list for PBXNativeTarget "verycomplicatedui" */;
			buildPhases = (
				2B3C132A22832AC9003230FB /* Sources */,
				2B3C132B22832AC9003230FB /* Frameworks */,
				2B3C132C22832AC9003230FB /* Resources */,
			);
			buildRules = (
			);
			dependencies = (
			);
			name = verycomplicatedui;
			productName = verycomplicatedui;
			productReference = 2B3C132E22832AC9003230FB /* verycomplicatedui.app */;
			productType = "com.apple.product-type.application";
		};
		2B3C134122832AC9003230FB /* verycomplicateduiTests */ = {
			isa = PBXNativeTarget;
			buildConfigurationList = 2B3C135922832AC9003230FB /* Build configuration list for PBXNativeTarget "verycomplicateduiTests" */;
			buildPhases = (
				2B3C133E22832AC9003230FB /* Sources */,
				2B3C133F22832AC9003230FB /* Frameworks */,
				2B3C134022832AC9003230FB /* Resources */,
			);
			buildRules = (
			);
			dependencies = (
				2B3C134422832AC9003230FB /* PBXTargetDependency */,
			);
			name = verycomplicateduiTests;
			productName = verycomplicateduiTests;
			productReference = 2B3C134222832AC9003230FB /* verycomplicateduiTests.xctest */;
			productType = "com.apple.product-type.bundle.unit-test";
		};
		2B3C134C22832AC9003230FB /* verycomplicateduiUITests */ = {
			isa = PBXNativeTarget;
			buildConfigurationList = 2B3C135C22832AC9003230FB /* Build configuration list for PBXNativeTarget "verycomplicateduiUITests" */;
			buildPhases = (
				2B3C134922832AC9003230FB /* Sources */,
				2B3C134A22832AC9003230FB /* Frameworks */,
				2B3C134B22832AC9003230FB /* Resources */,
			);
			buildRules = (
			);
			dependencies = (
				2B3C134F22832AC9003230FB /* PBXTargetDependency */,
			);
			name = verycomplicateduiUITests;
			productName = verycomplicateduiUITests;
			productReference = 2B3C134D22832AC9003230FB /* verycomplicateduiUITests.xctest */;
			productType = "com.apple.product-type.bundle.ui-testing";
		};
/* End PBXNativeTarget section */

/* Begin PBXProject section */
		2B3C132622832AC9003230FB /* Project object */ = {
			isa = PBXProject;
			attributes = {
				LastSwiftUpdateCheck = 1020;
				LastUpgradeCheck = 1020;
				ORGANIZATIONNAME = thatartplace;
				TargetAttributes = {
					2B3C132D22832AC9003230FB = {
						CreatedOnToolsVersion = 10.2.1;
					};
					2B3C134122832AC9003230FB = {
						CreatedOnToolsVersion = 10.2.1;
						TestTargetID = 2B3C132D22832AC9003230FB;
					};
					2B3C134C22832AC9003230FB = {
						CreatedOnToolsVersion = 10.2.1;
						TestTargetID = 2B3C132D22832AC9003230FB;
					};
				};
			};
			buildConfigurationList = 2B3C132922832AC9003230FB /* Build configuration list for PBXProject "verycomplicatedui" */;
			compatibilityVersion = "Xcode 9.3";
			developmentRegion = en;
			hasScannedForEncodings = 0;
			knownRegions = (
				en,
				Base,
			);
			mainGroup = 2B3C132522832AC9003230FB;
			productRefGroup = 2B3C132F22832AC9003230FB /* Products */;
			projectDirPath = "";
			projectRoot = "";
			targets = (
				2B3C132D22832AC9003230FB /* verycomplicatedui */,
				2B3C134122832AC9003230FB /* verycomplicateduiTests */,
				2B3C134C22832AC9003230FB /* verycomplicateduiUITests */,
			);
		};
/* End PBXProject section */

/* Begin PBXResourcesBuildPhase section */
		2B3C132C22832AC9003230FB /* Resources */ = {
			isa = PBXResourcesBuildPhase;
			buildActionMask = 2147483647;
			files = (
				2B3C133C22832AC9003230FB /* LaunchScreen.storyboard in Resources */,
				2B3C133922832AC9003230FB /* Assets.xcassets in Resources */,
				2B3C133722832AC9003230FB /* Main.storyboard in Resources */,
			);
			runOnlyForDeploymentPostprocessing = 0;
		};
		2B3C134022832AC9003230FB /* Resources */ = {
			isa = PBXResourcesBuildPhase;
			buildActionMask = 2147483647;
			files = (
			);
			runOnlyForDeploymentPostprocessing = 0;
		};
		2B3C134B22832AC9003230FB /* Resources */ = {
			isa = PBXResourcesBuildPhase;
			buildActionMask = 2147483647;
			files = (
			);
			runOnlyForDeploymentPostprocessing = 0;
		};
/* End PBXResourcesBuildPhase section */

/* Begin PBXSourcesBuildPhase section */
		2B3C132A22832AC9003230FB /* Sources */ = {
			isa = PBXSourcesBuildPhase;
			buildActionMask = 2147483647;
			files = (
				2B3ECA772286443E0008F027 /* OverlayView.swift in Sources */,
				2B61F3DE22834D900062AA90 /* Fetch.swift in Sources */,
				2B3C133222832AC9003230FB /* AppDelegate.swift in Sources */,
				2B61F3E12283805D0062AA90 /* OverlayViewController.swift in Sources */,
				2B61F3E5228382EB0062AA90 /* PassthroughViews.swift in Sources */,
				2B61F3E3228380DC0062AA90 /* BusyViewController.swift in Sources */,
				2B3C136422832FFF003230FB /* TodoViewController.swift in Sources */,
				2B3C136622833849003230FB /* TodoTableCell.swift in Sources */,
				2BDB9F3622846A9A00ED60D6 /* OverlayViewController.swift in Sources */,
			);
			runOnlyForDeploymentPostprocessing = 0;
		};
		2B3C133E22832AC9003230FB /* Sources */ = {
			isa = PBXSourcesBuildPhase;
			buildActionMask = 2147483647;
			files = (
				2B3C134722832AC9003230FB /* verycomplicateduiTests.swift in Sources */,
			);
			runOnlyForDeploymentPostprocessing = 0;
		};
		2B3C134922832AC9003230FB /* Sources */ = {
			isa = PBXSourcesBuildPhase;
			buildActionMask = 2147483647;
			files = (
				2B3C135222832AC9003230FB /* verycomplicateduiUITests.swift in Sources */,
			);
			runOnlyForDeploymentPostprocessing = 0;
		};
/* End PBXSourcesBuildPhase section */

/* Begin PBXTargetDependency section */
		2B3C134422832AC9003230FB /* PBXTargetDependency */ = {
			isa = PBXTargetDependency;
			target = 2B3C132D22832AC9003230FB /* verycomplicatedui */;
			targetProxy = 2B3C134322832AC9003230FB /* PBXContainerItemProxy */;
		};
		2B3C134F22832AC9003230FB /* PBXTargetDependency */ = {
			isa = PBXTargetDependency;
			target = 2B3C132D22832AC9003230FB /* verycomplicatedui */;
			targetProxy = 2B3C134E22832AC9003230FB /* PBXContainerItemProxy */;
		};
/* End PBXTargetDependency section */

/* Begin PBXVariantGroup section */
		2B3C133522832AC9003230FB /* Main.storyboard */ = {
			isa = PBXVariantGroup;
			children = (
				2B3C133622832AC9003230FB /* Base */,
			);
			name = Main.storyboard;
			sourceTree = "<group>";
		};
		2B3C133A22832AC9003230FB /* LaunchScreen.storyboard */ = {
			isa = PBXVariantGroup;
			children = (
				2B3C133B22832AC9003230FB /* Base */,
			);
			name = LaunchScreen.storyboard;
			sourceTree = "<group>";
		};
/* End PBXVariantGroup section */

/* Begin XCBuildConfiguration section */
		2B3C135422832AC9003230FB /* Debug */ = {
			isa = XCBuildConfiguration;
			buildSettings = {
				ALWAYS_SEARCH_USER_PATHS = NO;
				CLANG_ANALYZER_NONNULL = YES;
				CLANG_ANALYZER_NUMBER_OBJECT_CONVERSION = YES_AGGRESSIVE;
				CLANG_CXX_LANGUAGE_STANDARD = "gnu++14";
				CLANG_CXX_LIBRARY = "libc++";
				CLANG_ENABLE_MODULES = YES;
				CLANG_ENABLE_OBJC_ARC = YES;
				CLANG_ENABLE_OBJC_WEAK = YES;
				CLANG_WARN_BLOCK_CAPTURE_AUTORELEASING = YES;
				CLANG_WARN_BOOL_CONVERSION = YES;
				CLANG_WARN_COMMA = YES;
				CLANG_WARN_CONSTANT_CONVERSION = YES;
				CLANG_WARN_DEPRECATED_OBJC_IMPLEMENTATIONS = YES;
				CLANG_WARN_DIRECT_OBJC_ISA_USAGE = YES_ERROR;
				CLANG_WARN_DOCUMENTATION_COMMENTS = YES;
				CLANG_WARN_EMPTY_BODY = YES;
				CLANG_WARN_ENUM_CONVERSION = YES;
				CLANG_WARN_INFINITE_RECURSION = YES;
				CLANG_WARN_INT_CONVERSION = YES;
				CLANG_WARN_NON_LITERAL_NULL_CONVERSION = YES;
				CLANG_WARN_OBJC_IMPLICIT_RETAIN_SELF = YES;
				CLANG_WARN_OBJC_LITERAL_CONVERSION = YES;
				CLANG_WARN_OBJC_ROOT_CLASS = YES_ERROR;
				CLANG_WARN_RANGE_LOOP_ANALYSIS = YES;
				CLANG_WARN_STRICT_PROTOTYPES = YES;
				CLANG_WARN_SUSPICIOUS_MOVE = YES;
				CLANG_WARN_UNGUARDED_AVAILABILITY = YES_AGGRESSIVE;
				CLANG_WARN_UNREACHABLE_CODE = YES;
				CLANG_WARN__DUPLICATE_METHOD_MATCH = YES;
				CODE_SIGN_IDENTITY = "iPhone Developer";
				COPY_PHASE_STRIP = NO;
				DEBUG_INFORMATION_FORMAT = dwarf;
				ENABLE_STRICT_OBJC_MSGSEND = YES;
				ENABLE_TESTABILITY = YES;
				EXCLUDED_SOURCE_FILE_NAMES = "#fail/*.swift";
				GCC_C_LANGUAGE_STANDARD = gnu11;
				GCC_DYNAMIC_NO_PIC = NO;
				GCC_NO_COMMON_BLOCKS = YES;
				GCC_OPTIMIZATION_LEVEL = 0;
				GCC_PREPROCESSOR_DEFINITIONS = (
					"DEBUG=1",
					"$(inherited)",
				);
				GCC_WARN_64_TO_32_BIT_CONVERSION = YES;
				GCC_WARN_ABOUT_RETURN_TYPE = YES_ERROR;
				GCC_WARN_UNDECLARED_SELECTOR = YES;
				GCC_WARN_UNINITIALIZED_AUTOS = YES_AGGRESSIVE;
				GCC_WARN_UNUSED_FUNCTION = YES;
				GCC_WARN_UNUSED_VARIABLE = YES;
				IPHONEOS_DEPLOYMENT_TARGET = 12.2;
				MTL_ENABLE_DEBUG_INFO = INCLUDE_SOURCE;
				MTL_FAST_MATH = YES;
				ONLY_ACTIVE_ARCH = YES;
				SDKROOT = iphoneos;
				SWIFT_ACTIVE_COMPILATION_CONDITIONS = DEBUG;
				SWIFT_OPTIMIZATION_LEVEL = "-Onone";
			};
			name = Debug;
		};
		2B3C135522832AC9003230FB /* Release */ = {
			isa = XCBuildConfiguration;
			buildSettings = {
				ALWAYS_SEARCH_USER_PATHS = NO;
				CLANG_ANALYZER_NONNULL = YES;
				CLANG_ANALYZER_NUMBER_OBJECT_CONVERSION = YES_AGGRESSIVE;
				CLANG_CXX_LANGUAGE_STANDARD = "gnu++14";
				CLANG_CXX_LIBRARY = "libc++";
				CLANG_ENABLE_MODULES = YES;
				CLANG_ENABLE_OBJC_ARC = YES;
				CLANG_ENABLE_OBJC_WEAK = YES;
				CLANG_WARN_BLOCK_CAPTURE_AUTORELEASING = YES;
				CLANG_WARN_BOOL_CONVERSION = YES;
				CLANG_WARN_COMMA = YES;
				CLANG_WARN_CONSTANT_CONVERSION = YES;
				CLANG_WARN_DEPRECATED_OBJC_IMPLEMENTATIONS = YES;
				CLANG_WARN_DIRECT_OBJC_ISA_USAGE = YES_ERROR;
				CLANG_WARN_DOCUMENTATION_COMMENTS = YES;
				CLANG_WARN_EMPTY_BODY = YES;
				CLANG_WARN_ENUM_CONVERSION = YES;
				CLANG_WARN_INFINITE_RECURSION = YES;
				CLANG_WARN_INT_CONVERSION = YES;
				CLANG_WARN_NON_LITERAL_NULL_CONVERSION = YES;
				CLANG_WARN_OBJC_IMPLICIT_RETAIN_SELF = YES;
				CLANG_WARN_OBJC_LITERAL_CONVERSION = YES;
				CLANG_WARN_OBJC_ROOT_CLASS = YES_ERROR;
				CLANG_WARN_RANGE_LOOP_ANALYSIS = YES;
				CLANG_WARN_STRICT_PROTOTYPES = YES;
				CLANG_WARN_SUSPICIOUS_MOVE = YES;
				CLANG_WARN_UNGUARDED_AVAILABILITY = YES_AGGRESSIVE;
				CLANG_WARN_UNREACHABLE_CODE = YES;
				CLANG_WARN__DUPLICATE_METHOD_MATCH = YES;
				CODE_SIGN_IDENTITY = "iPhone Developer";
				COPY_PHASE_STRIP = NO;
				DEBUG_INFORMATION_FORMAT = "dwarf-with-dsym";
				ENABLE_NS_ASSERTIONS = NO;
				ENABLE_STRICT_OBJC_MSGSEND = YES;
				EXCLUDED_SOURCE_FILE_NAMES = "#fail/*.swift";
				GCC_C_LANGUAGE_STANDARD = gnu11;
				GCC_NO_COMMON_BLOCKS = YES;
				GCC_WARN_64_TO_32_BIT_CONVERSION = YES;
				GCC_WARN_ABOUT_RETURN_TYPE = YES_ERROR;
				GCC_WARN_UNDECLARED_SELECTOR = YES;
				GCC_WARN_UNINITIALIZED_AUTOS = YES_AGGRESSIVE;
				GCC_WARN_UNUSED_FUNCTION = YES;
				GCC_WARN_UNUSED_VARIABLE = YES;
				IPHONEOS_DEPLOYMENT_TARGET = 12.2;
				MTL_ENABLE_DEBUG_INFO = NO;
				MTL_FAST_MATH = YES;
				SDKROOT = iphoneos;
				SWIFT_COMPILATION_MODE = wholemodule;
				SWIFT_OPTIMIZATION_LEVEL = "-O";
				VALIDATE_PRODUCT = YES;
			};
			name = Release;
		};
		2B3C135722832AC9003230FB /* Debug */ = {
			isa = XCBuildConfiguration;
			buildSettings = {
				ASSETCATALOG_COMPILER_APPICON_NAME = AppIcon;
				CODE_SIGN_STYLE = Automatic;
				INFOPLIST_FILE = verycomplicatedui/Info.plist;
				LD_RUNPATH_SEARCH_PATHS = (
					"$(inherited)",
					"@executable_path/Frameworks",
				);
				PRODUCT_BUNDLE_IDENTIFIER = lalalostriver.verycomplicatedui;
				PRODUCT_NAME = "$(TARGET_NAME)";
				SWIFT_VERSION = 5.0;
				TARGETED_DEVICE_FAMILY = "1,2";
			};
			name = Debug;
		};
		2B3C135822832AC9003230FB /* Release */ = {
			isa = XCBuildConfiguration;
			buildSettings = {
				ASSETCATALOG_COMPILER_APPICON_NAME = AppIcon;
				CODE_SIGN_STYLE = Automatic;
				INFOPLIST_FILE = verycomplicatedui/Info.plist;
				LD_RUNPATH_SEARCH_PATHS = (
					"$(inherited)",
					"@executable_path/Frameworks",
				);
				PRODUCT_BUNDLE_IDENTIFIER = lalalostriver.verycomplicatedui;
				PRODUCT_NAME = "$(TARGET_NAME)";
				SWIFT_VERSION = 5.0;
				TARGETED_DEVICE_FAMILY = "1,2";
			};
			name = Release;
		};
		2B3C135A22832AC9003230FB /* Debug */ = {
			isa = XCBuildConfiguration;
			buildSettings = {
				ALWAYS_EMBED_SWIFT_STANDARD_LIBRARIES = YES;
				BUNDLE_LOADER = "$(TEST_HOST)";
				CODE_SIGN_STYLE = Automatic;
				INFOPLIST_FILE = verycomplicateduiTests/Info.plist;
				LD_RUNPATH_SEARCH_PATHS = (
					"$(inherited)",
					"@executable_path/Frameworks",
					"@loader_path/Frameworks",
				);
				PRODUCT_BUNDLE_IDENTIFIER = lalalostriver.verycomplicateduiTests;
				PRODUCT_NAME = "$(TARGET_NAME)";
				SWIFT_VERSION = 5.0;
				TARGETED_DEVICE_FAMILY = "1,2";
				TEST_HOST = "$(BUILT_PRODUCTS_DIR)/verycomplicatedui.app/verycomplicatedui";
			};
			name = Debug;
		};
		2B3C135B22832AC9003230FB /* Release */ = {
			isa = XCBuildConfiguration;
			buildSettings = {
				ALWAYS_EMBED_SWIFT_STANDARD_LIBRARIES = YES;
				BUNDLE_LOADER = "$(TEST_HOST)";
				CODE_SIGN_STYLE = Automatic;
				INFOPLIST_FILE = verycomplicateduiTests/Info.plist;
				LD_RUNPATH_SEARCH_PATHS = (
					"$(inherited)",
					"@executable_path/Frameworks",
					"@loader_path/Frameworks",
				);
				PRODUCT_BUNDLE_IDENTIFIER = lalalostriver.verycomplicateduiTests;
				PRODUCT_NAME = "$(TARGET_NAME)";
				SWIFT_VERSION = 5.0;
				TARGETED_DEVICE_FAMILY = "1,2";
				TEST_HOST = "$(BUILT_PRODUCTS_DIR)/verycomplicatedui.app/verycomplicatedui";
			};
			name = Release;
		};
		2B3C135D22832AC9003230FB /* Debug */ = {
			isa = XCBuildConfiguration;
			buildSettings = {
				ALWAYS_EMBED_SWIFT_STANDARD_LIBRARIES = YES;
				CODE_SIGN_STYLE = Automatic;
				INFOPLIST_FILE = verycomplicateduiUITests/Info.plist;
				LD_RUNPATH_SEARCH_PATHS = (
					"$(inherited)",
					"@executable_path/Frameworks",
					"@loader_path/Frameworks",
				);
				PRODUCT_BUNDLE_IDENTIFIER = lalalostriver.verycomplicateduiUITests;
				PRODUCT_NAME = "$(TARGET_NAME)";
				SWIFT_VERSION = 5.0;
				TARGETED_DEVICE_FAMILY = "1,2";
				TEST_TARGET_NAME = verycomplicatedui;
			};
			name = Debug;
		};
		2B3C135E22832AC9003230FB /* Release */ = {
			isa = XCBuildConfiguration;
			buildSettings = {
				ALWAYS_EMBED_SWIFT_STANDARD_LIBRARIES = YES;
				CODE_SIGN_STYLE = Automatic;
				INFOPLIST_FILE = verycomplicateduiUITests/Info.plist;
				LD_RUNPATH_SEARCH_PATHS = (
					"$(inherited)",
					"@executable_path/Frameworks",
					"@loader_path/Frameworks",
				);
				PRODUCT_BUNDLE_IDENTIFIER = lalalostriver.verycomplicateduiUITests;
				PRODUCT_NAME = "$(TARGET_NAME)";
				SWIFT_VERSION = 5.0;
				TARGETED_DEVICE_FAMILY = "1,2";
				TEST_TARGET_NAME = verycomplicatedui;
			};
			name = Release;
		};
/* End XCBuildConfiguration section */

/* Begin XCConfigurationList section */
		2B3C132922832AC9003230FB /* Build configuration list for PBXProject "verycomplicatedui" */ = {
			isa = XCConfigurationList;
			buildConfigurations = (
				2B3C135422832AC9003230FB /* Debug */,
				2B3C135522832AC9003230FB /* Release */,
			);
			defaultConfigurationIsVisible = 0;
			defaultConfigurationName = Release;
		};
		2B3C135622832AC9003230FB /* Build configuration list for PBXNativeTarget "verycomplicatedui" */ = {
			isa = XCConfigurationList;
			buildConfigurations = (
				2B3C135722832AC9003230FB /* Debug */,
				2B3C135822832AC9003230FB /* Release */,
			);
			defaultConfigurationIsVisible = 0;
			defaultConfigurationName = Release;
		};
		2B3C135922832AC9003230FB /* Build configuration list for PBXNativeTarget "verycomplicateduiTests" */ = {
			isa = XCConfigurationList;
			buildConfigurations = (
				2B3C135A22832AC9003230FB /* Debug */,
				2B3C135B22832AC9003230FB /* Release */,
			);
			defaultConfigurationIsVisible = 0;
			defaultConfigurationName = Release;
		};
		2B3C135C22832AC9003230FB /* Build configuration list for PBXNativeTarget "verycomplicateduiUITests" */ = {
			isa = XCConfigurationList;
			buildConfigurations = (
				2B3C135D22832AC9003230FB /* Debug */,
				2B3C135E22832AC9003230FB /* Release */,
			);
			defaultConfigurationIsVisible = 0;
			defaultConfigurationName = Release;
		};
/* End XCConfigurationList section */
	};
	rootObject = 2B3C132622832AC9003230FB /* Project object */;
}
